
Microsoft Visual Studio Solution File, Format Version 12.00
# Visual Studio Version 16
VisualStudioVersion = 16.0.28803.202
MinimumVisualStudioVersion = 10.0.40219.1
Project("{FAE04EC0-301F-11D3-BF4B-00C04F79EFBC}") = "ImageTest", "ImageTest\ImageTest.csproj", "{A10F6152-60FA-496A-B2F1-ED8B408993EF}"
EndProject
Global
	GlobalSection(SolutionConfigurationPlatforms) = preSolution
		Debug|ARM = Debug|ARM
		Debug|ARM64 = Debug|ARM64
		Debug|x64 = Debug|x64
		Debug|x86 = Debug|x86
		Release|ARM = Release|ARM
		Release|ARM64 = Release|ARM64
		Release|x64 = Release|x64
		Release|x86 = Release|x86
	EndGlobalSection
	GlobalSection(ProjectConfigurationPlatforms) = postSolution
		{A10F6152-60FA-496A-B2F1-ED8B408993EF}.Debug|ARM.ActiveCfg = Debug|ARM
		{A10F6152-60FA-496A-B2F1-ED8B408993EF}.Debug|ARM.Build.0 = Debug|ARM
		{A10F6152-60FA-496A-B2F1-ED8B408993EF}.Debug|ARM.Deploy.0 = Debug|ARM
		{A10F6152-60FA-496A-B2F1-ED8B408993EF}.Debug|ARM64.ActiveCfg = Debug|ARM64
		{A10F6152-60FA-496A-B2F1-ED8B408993EF}.Debug|ARM64.Build.0 = Debug|ARM64
		{A10F6152-60FA-496A-B2F1-ED8B408993EF}.Debug|ARM64.Deploy.0 = Debug|ARM64
		{A10F6152-60FA-496A-B2F1-ED8B408993EF}.Debug|x64.ActiveCfg = Debug|x64
		{A10F6152-60FA-496A-B2F1-ED8B408993EF}.Debug|x64.Build.0 = Debug|x64
		{A10F6152-60FA-496A-B2F1-ED8B408993EF}.Debug|x64.Deploy.0 = Debug|x64
		{A10F6152-60FA-496A-B2F1-ED8B408993EF}.Debug|x86.ActiveCfg = Debug|x86
		{A10F6152-60FA-496A-B2F1-ED8B408993EF}.Debug|x86.Build.0 = Debug|x86
		{A10F6152-60FA-496A-B2F1-ED8B408993EF}.Debug|x86.Deploy.0 = Debug|x86
		{A10F6152-60FA-496A-B2F1-ED8B408993EF}.Release|ARM.ActiveCfg = Release|ARM
		{A10F6152-60FA-496A-B2F1-ED8B408993EF}.Release|ARM.Build.0 = Release|ARM
		{A10F6152-60FA-496A-B2F1-ED8B408993EF}.Release|ARM.Deploy.0 = Release|ARM
		{A10F6152-60FA-496A-B2F1-ED8B408993EF}.Release|ARM64.ActiveCfg = Release|ARM64
		{A10F6152-60FA-496A-B2F1-ED8B408993EF}.Release|ARM64.Build.0 = Release|ARM64
		{A10F6152-60FA-496A-B2F1-ED8B408993EF}.Release|ARM64.Deploy.0 = Release|ARM64
		{A10F6152-60FA-496A-B2F1-ED8B408993EF}.Release|x64.ActiveCfg = Release|x64
		{A10F6152-60FA-496A-B2F1-ED8B408993EF}.Release|x64.Build.0 = Release|x64
		{A10F6152-60FA-496A-B2F1-ED8B408993EF}.Release|x64.Deploy.0 = Release|x64
		{A10F6152-60FA-496A-B2F1-ED8B408993EF}.Release|x86.ActiveCfg = Release|x86
		{A10F6152-60FA-496A-B2F1-ED8B408993EF}.Release|x86.Build.0 = Release|x86
		{A10F6152-60FA-496A-B2F1-ED8B408993EF}.Release|x86.Deploy.0 = Release|x86
	EndGlobalSection
	GlobalSection(SolutionProperties) = preSolution
		HideSolutionNode = FALSE
	EndGlobalSection
	GlobalSection(ExtensibilityGlobals) = postSolution
		SolutionGuid = {0BFE66AC-2998-4B35-A823-B0AFE68ACDB0}
	EndGlobalSection
EndGlobal
